{
  "name": "ols-ref-repo",
  "version": "0.1.0",
  "lockfileVersion": 1,
  "requires": true,
  "dependencies": {
    "bs-platform": {
      "version": "4.0.5",
      "resolved": "https://registry.npmjs.org/bs-platform/-/bs-platform-4.0.5.tgz",
      "integrity": "sha512-wK+yUx/5ojlrxgk/EB3Hla7+9NEnE8PxtGb71e4IsKnWPXrRAaVtdTuoWWClv8z77xntOFg8qTgYfYyh9xLMWA==",
      "dev": true
    },
    "rex-json": {
      "version": "1.4.0",
      "resolved": "https://registry.npmjs.org/rex-json/-/rex-json-1.4.0.tgz",
      "integrity": "sha512-bG3byyGHk8+5frVPFu7qXkx+7qgycv0r6rD17JXw7XYqyd5eekcpsodR7/zk2u/jBqsjt5HHisND23Kx74PZkw=="
    }
  }
}
